
Microsoft Visual Studio Solution File, Format Version 12.00
# Visual Studio 15
VisualStudioVersion = 15.0.28307.1209
MinimumVisualStudioVersion = 10.0.40219.1
Project("{9A19103F-16F7-4668-BE54-9A1E7A4F7556}") = "StringAsync", "StringAsync.csproj", "{F74DA7C6-B749-48F5-B30C-B61104F7EF79}"
EndProject
Global
	GlobalSection(SolutionConfigurationPlatforms) = preSolution
		Debug|Any CPU = Debug|Any CPU
		Release|Any CPU = Release|Any CPU
	EndGlobalSection
	GlobalSection(ProjectConfigurationPlatforms) = postSolution
		{F74DA7C6-B749-48F5-B30C-B61104F7EF79}.Debug|Any CPU.ActiveCfg = Debug|Any CPU
		{F74DA7C6-B749-48F5-B30C-B61104F7EF79}.Debug|Any CPU.Build.0 = Debug|Any CPU
		{F74DA7C6-B749-48F5-B30C-B61104F7EF79}.Release|Any CPU.ActiveCfg = Release|Any CPU
		{F74DA7C6-B749-48F5-B30C-B61104F7EF79}.Release|Any CPU.Build.0 = Release|Any CPU
	EndGlobalSection
	GlobalSection(SolutionProperties) = preSolution
		HideSolutionNode = FALSE
	EndGlobalSection
	GlobalSection(ExtensibilityGlobals) = postSolution
		SolutionGuid = {53F499FE-333D-438A-AA3C-A03DA6D6861F}
	EndGlobalSection
EndGlobal
